%{"agent": {:git, "git://github.com/savonarola/agent.git", "33e26f350f1fe68b9b0604c5918733598ed61ff7", [tag: "v0.1.0"]},
  "certifi": {:hex, :certifi, "0.4.0"},
  "coverex": {:hex, :coverex, "1.4.9"},
  "doppler": {:git, "https://github.com/funbox/doppler.git", "611332fa80e63b6fca5c91fec73222cd2cf146ee", []},
  "dye": {:hex, :dye, "0.4.0"},
  "hackney": {:hex, :hackney, "1.6.0"},
  "httpoison": {:hex, :httpoison, "0.8.3"},
  "idna": {:hex, :idna, "1.2.0"},
  "metrics": {:hex, :metrics, "1.0.1"},
  "mimerl": {:hex, :mimerl, "1.0.2"},
  "poison": {:hex, :poison, "2.1.0"},
  "ranch": {:hex, :ranch, "1.2.1"},
  "smppex": {:hex, :smppex, "0.0.1"},
  "ssl_verify_fun": {:hex, :ssl_verify_fun, "1.1.0"}}
