%{"agent": {:hex, :agent, "0.1.0", "463819be23aac571c45579d5ef7dd2155803ed885cd95e66f9550216847b96e9", [:rebar3], [], "hexpm"},
  "certifi": {:hex, :certifi, "0.7.0", "861a57f3808f7eb0c2d1802afeaae0fa5de813b0df0979153cbafcd853ababaf", [:rebar3], [], "hexpm"},
  "coverex": {:hex, :coverex, "1.4.12", "b18d737734edeac578a854cfaa5aa48c5d05e649c77ce02efb7f723a316b6a3b", [:mix], [{:hackney, "~> 1.5", [hex: :hackney, repo: "hexpm", optional: false]}, {:poison, "~> 1.5 or ~> 2.0", [hex: :poison, repo: "hexpm", optional: false]}], "hexpm"},
  "doppler": {:hex, :doppler, "0.1.0", "398461a44b5d459df7b8c7c2fd72fc7e00f5a15cbacf7575593a61ef28f92d88", [:rebar3], [{:agent, "~> 0.1.0", [hex: :agent, repo: "hexpm", optional: false]}], "hexpm"},
  "dye": {:hex, :dye, "0.4.1", "e8d4b548fd17b441ebaaa53c823c29026bd17704bc9057304f15befb7e180df3", [:mix], [], "hexpm"},
  "hackney": {:hex, :hackney, "1.6.5", "8c025ee397ac94a184b0743c73b33b96465e85f90a02e210e86df6cbafaa5065", [:rebar3], [{:certifi, "0.7.0", [hex: :certifi, repo: "hexpm", optional: false]}, {:idna, "1.2.0", [hex: :idna, repo: "hexpm", optional: false]}, {:metrics, "1.0.1", [hex: :metrics, repo: "hexpm", optional: false]}, {:mimerl, "1.0.2", [hex: :mimerl, repo: "hexpm", optional: false]}, {:ssl_verify_fun, "1.1.1", [hex: :ssl_verify_fun, repo: "hexpm", optional: false]}], "hexpm"},
  "idna": {:hex, :idna, "1.2.0", "ac62ee99da068f43c50dc69acf700e03a62a348360126260e87f2b54eced86b2", [:rebar3], [], "hexpm"},
  "metrics": {:hex, :metrics, "1.0.1", "25f094dea2cda98213cecc3aeff09e940299d950904393b2a29d191c346a8486", [:rebar3], [], "hexpm"},
  "mimerl": {:hex, :mimerl, "1.0.2", "993f9b0e084083405ed8252b99460c4f0563e41729ab42d9074fd5e52439be88", [:rebar3], [], "hexpm"},
  "poison": {:hex, :poison, "2.2.0", "4763b69a8a77bd77d26f477d196428b741261a761257ff1cf92753a0d4d24a63", [:mix], [], "hexpm"},
  "ranch": {:hex, :ranch, "1.4.0", "10272f95da79340fa7e8774ba7930b901713d272905d0012b06ca6d994f8826b", [:rebar3], [], "hexpm"},
  "smppex": {:hex, :smppex, "2.2.0", "cb9231463ce5a97ff45f63acbe07bb8d07d1e5d4415ba3325688a0f4827c3809", [:mix], [{:ranch, "~> 1.4", [hex: :ranch, repo: "hexpm", optional: false]}], "hexpm"},
  "ssl_verify_fun": {:hex, :ssl_verify_fun, "1.1.1", "28a4d65b7f59893bc2c7de786dec1e1555bd742d336043fe644ae956c3497fbe", [:make, :rebar], [], "hexpm"}}
